
Microsoft Visual Studio Solution File, Format Version 12.00
# Visual Studio 15
VisualStudioVersion = 15.0.28010.2016
MinimumVisualStudioVersion = 10.0.40219.1
Project("{FAE04EC0-301F-11D3-BF4B-00C04F79EFBC}") = "Time Calculator", "Time Calculator\Time Calculator.csproj", "{8AC9AB78-B083-49EC-BEBE-FD6C8868841D}"
EndProject
Global
	GlobalSection(SolutionConfigurationPlatforms) = preSolution
		Debug|Any CPU = Debug|Any CPU
		Release|Any CPU = Release|Any CPU
	EndGlobalSection
	GlobalSection(ProjectConfigurationPlatforms) = postSolution
		{8AC9AB78-B083-49EC-BEBE-FD6C8868841D}.Debug|Any CPU.ActiveCfg = Debug|Any CPU
		{8AC9AB78-B083-49EC-BEBE-FD6C8868841D}.Debug|Any CPU.Build.0 = Debug|Any CPU
		{8AC9AB78-B083-49EC-BEBE-FD6C8868841D}.Release|Any CPU.ActiveCfg = Release|Any CPU
		{8AC9AB78-B083-49EC-BEBE-FD6C8868841D}.Release|Any CPU.Build.0 = Release|Any CPU
	EndGlobalSection
	GlobalSection(SolutionProperties) = preSolution
		HideSolutionNode = FALSE
	EndGlobalSection
	GlobalSection(ExtensibilityGlobals) = postSolution
		SolutionGuid = {4CB2CD70-DF62-40F4-9407-11CB0CC66D71}
	EndGlobalSection
EndGlobal
